
Microsoft Visual Studio Solution File, Format Version 12.00
# Visual Studio Version 16
VisualStudioVersion = 16.0.33927.289
MinimumVisualStudioVersion = 10.0.40219.1
Project("{2150E333-8FDC-42A3-9474-1A3956D46DE8}") = "Task0", "Task0", "{36043474-82CE-4ECA-B8AD-E9BA45E8F14A}"
EndProject
Project("{FAE04EC0-301F-11D3-BF4B-00C04F79EFBC}") = "Tyuiu.BotterVV.Sprint1.Task0.V0", "Tyuiu.BotterVV.Sprint1.Task0.V0\Tyuiu.BotterVV.Sprint1.Task0.V0.csproj", "{3E4AF459-E28D-4E5F-AB72-31D079F87870}"
EndProject
Project("{FAE04EC0-301F-11D3-BF4B-00C04F79EFBC}") = "Tyuiu.BotterVV.Sprint1.Task0.V0.Lib", "Tyuiu.BotterVV.Sprint1.Task0.V0.Lib\Tyuiu.BotterVV.Sprint1.Task0.V0.Lib.csproj", "{411C87FB-ACB7-4030-9293-2940DBDAE9EF}"
EndProject
Project("{FAE04EC0-301F-11D3-BF4B-00C04F79EFBC}") = "Tyuiu.BotterVV.Sprint1.Task0.V0.Test", "Tyuiu.BotterVV.Sprint1.Task0.V0.Test\Tyuiu.BotterVV.Sprint1.Task0.V0.Test.csproj", "{451FB807-283C-414E-B107-E42121572EA8}"
EndProject
Project("{2150E333-8FDC-42A3-9474-1A3956D46DE8}") = "Task1", "Task1", "{3AE12F11-C8CC-45A4-A6E4-AE4CDF6730D9}"
EndProject
Project("{FAE04EC0-301F-11D3-BF4B-00C04F79EFBC}") = "Tyuiu.BotterVV.Sprint1.Task1.V0.Test", "Tyuiu.BotterVV.Sprint1.Task1.V0.Test\Tyuiu.BotterVV.Sprint1.Task1.V0.Test.csproj", "{511E2C70-2802-4813-874F-B67546003111}"
EndProject
Project("{FAE04EC0-301F-11D3-BF4B-00C04F79EFBC}") = "Tyuiu.BotterVV.Sprint1.Task1.V0", "Tyuiu.BotterVV.Sprint1.Task1.V0\Tyuiu.BotterVV.Sprint1.Task1.V0.csproj", "{D7E362C0-CE29-40FE-B42E-8E365418ADD1}"
EndProject
Project("{FAE04EC0-301F-11D3-BF4B-00C04F79EFBC}") = "Tyuiu.BotterVV.Sprint1.Task1.V0.Lib", "Tyuiu.BotterVV.Sprint1.Task1.V0.Lib\Tyuiu.BotterVV.Sprint1.Task1.V0.Lib.csproj", "{3FBBE58D-E135-4C83-8E94-369FBD4C30C2}"
EndProject
Project("{2150E333-8FDC-42A3-9474-1A3956D46DE8}") = "Task2", "Task2", "{9C10870A-7627-4F67-A105-27B17631ADE1}"
EndProject
Project("{FAE04EC0-301F-11D3-BF4B-00C04F79EFBC}") = "Tyuiu.BotterVV.Sprint1.Task2.V22", "Tyuiu.BotterVV.Sprint1.Task2.V22\Tyuiu.BotterVV.Sprint1.Task2.V22.csproj", "{1970BB11-D8A3-4B03-BFDC-D2F74C4F41B1}"
EndProject
Project("{FAE04EC0-301F-11D3-BF4B-00C04F79EFBC}") = "Tyuiu.BotterVV.Sprint1.Task2.V22.Lib", "Tyuiu.BotterVV.Sprint1.Task2.V22.Lib\Tyuiu.BotterVV.Sprint1.Task2.V22.Lib.csproj", "{A94DE47D-03C6-4910-889D-CD41E979B153}"
EndProject
Project("{FAE04EC0-301F-11D3-BF4B-00C04F79EFBC}") = "Tyuiu.BotterVV.Sprint1.Task2.V22.Test", "Tyuiu.BotterVV.Sprint1.Task2.V22.Test\Tyuiu.BotterVV.Sprint1.Task2.V22.Test.csproj", "{69AD584F-A790-4011-9F89-E47843950D95}"
EndProject
Project("{2150E333-8FDC-42A3-9474-1A3956D46DE8}") = "Task3", "Task3", "{C0559280-67E8-4E50-AD01-9CF3C50FCE22}"
EndProject
Project("{FAE04EC0-301F-11D3-BF4B-00C04F79EFBC}") = "Tyuiu.BotterVV.Sprint1.Task3.V10", "Tyuiu.BotterVV.Sprint1.Task3.V10\Tyuiu.BotterVV.Sprint1.Task3.V10.csproj", "{BDD19E6B-1361-4DF2-88E9-98ECE0F6D31E}"
EndProject
Project("{FAE04EC0-301F-11D3-BF4B-00C04F79EFBC}") = "Tyuiu.BotterVV.Sprint1.Task3.V10.Lib", "Tyuiu.BotterVV.Sprint1.Task3.V10.Lib\Tyuiu.BotterVV.Sprint1.Task3.V10.Lib.csproj", "{DAD02907-0E32-41C8-A3DB-F2D05CCC0F24}"
EndProject
Project("{FAE04EC0-301F-11D3-BF4B-00C04F79EFBC}") = "Tyuiu.BotterVV.Sprint1.Task3.V10.Test", "Tyuiu.BotterVV.Sprint1.Task3.V10.Test\Tyuiu.BotterVV.Sprint1.Task3.V10.Test.csproj", "{2F0C425F-D114-49C2-B080-57510EC2AF59}"
EndProject
Project("{2150E333-8FDC-42A3-9474-1A3956D46DE8}") = "Task4", "Task4", "{EF71CC4A-38C3-4AEC-A225-1EF62B7671F5}"
EndProject
Project("{FAE04EC0-301F-11D3-BF4B-00C04F79EFBC}") = "Tyuiu.BotterVV.Sprint1.Task4.V24", "Tyuiu.BotterVV.Sprint1.Task4.V24\Tyuiu.BotterVV.Sprint1.Task4.V24.csproj", "{49A6FE58-4A7D-4BD7-896C-621625C6819D}"
EndProject
Project("{FAE04EC0-301F-11D3-BF4B-00C04F79EFBC}") = "Tyuiu.BotterVV.Sprint1.Task4.V24.Lib", "Tyuiu.BotterVV.Sprint1.Task4.V24.Lib\Tyuiu.BotterVV.Sprint1.Task4.V24.Lib.csproj", "{A6A81DCC-21D8-4360-8B3B-FAA39ADC96F3}"
EndProject
Project("{FAE04EC0-301F-11D3-BF4B-00C04F79EFBC}") = "Tyuiu.BotterVV.Sprint1.Task4.V24.Test", "Tyuiu.BotterVV.Sprint1.Task4.V24.Test\Tyuiu.BotterVV.Sprint1.Task4.V24.Test.csproj", "{A9CC3482-6C42-4C32-9D03-B9794D85570B}"
EndProject
Project("{2150E333-8FDC-42A3-9474-1A3956D46DE8}") = "Task5", "Task5", "{32D0C089-1825-4196-A758-6C11E2FE3040}"
EndProject
Project("{FAE04EC0-301F-11D3-BF4B-00C04F79EFBC}") = "Tyuiu.BotterVV.Sprint1.Task5.V5", "Tyuiu.BotterVV.Sprint1.Task5.V5\Tyuiu.BotterVV.Sprint1.Task5.V5.csproj", "{E6F57A73-4AA4-4A7B-BE23-2314D888AA3A}"
EndProject
Project("{FAE04EC0-301F-11D3-BF4B-00C04F79EFBC}") = "Tyuiu.BotterVV.Sprint1.Task5.V5.Test", "Tyuiu.BotterVV.Sprint1.Task5.V5.Test\Tyuiu.BotterVV.Sprint1.Task5.V5.Test.csproj", "{078B3353-683B-495D-AC2B-EDF3B8754B10}"
EndProject
Project("{FAE04EC0-301F-11D3-BF4B-00C04F79EFBC}") = "Tyuiu.BotterVV.Sprint1.Task5.V5.Lib", "Tyuiu.BotterVV.Sprint1.Task5.V5.Lib\Tyuiu.BotterVV.Sprint1.Task5.V5.Lib.csproj", "{1D62DDDF-C3EE-4109-A55C-B35F286F2C86}"
EndProject
Project("{2150E333-8FDC-42A3-9474-1A3956D46DE8}") = "Task6", "Task6", "{8FFE9F01-C038-4B83-9F4B-0BAA82E6EDAF}"
EndProject
Project("{FAE04EC0-301F-11D3-BF4B-00C04F79EFBC}") = "Tyuiu.BotterVV.Sprint1.Task6.V16", "Tyuiu.BotterVV.Sprint1.Task6.V16\Tyuiu.BotterVV.Sprint1.Task6.V16.csproj", "{681ED594-CA76-4FAA-9BC6-2F0BE459468F}"
EndProject
Project("{FAE04EC0-301F-11D3-BF4B-00C04F79EFBC}") = "Tyuiu.BotterVV.Sprint1.Task6.V16.Lib", "Tyuiu.BotterVV.Sprint1.Task6.V16.Lib\Tyuiu.BotterVV.Sprint1.Task6.V16.Lib.csproj", "{12CEB64B-C3F6-47FE-9BC9-9D9DC0784495}"
EndProject
Project("{FAE04EC0-301F-11D3-BF4B-00C04F79EFBC}") = "Tyuiu.BotterVV.Sprint1.Task6.V16.Test", "Tyuiu.BotterVV.Sprint1.Task6.V16.Test\Tyuiu.BotterVV.Sprint1.Task6.V16.Test.csproj", "{8F8AFA9F-64ED-47EB-839E-27EF0AF82E12}"
EndProject
Global
	GlobalSection(SolutionConfigurationPlatforms) = preSolution
		Debug|Any CPU = Debug|Any CPU
		Release|Any CPU = Release|Any CPU
	EndGlobalSection
	GlobalSection(ProjectConfigurationPlatforms) = postSolution
		{3E4AF459-E28D-4E5F-AB72-31D079F87870}.Debug|Any CPU.ActiveCfg = Debug|Any CPU
		{3E4AF459-E28D-4E5F-AB72-31D079F87870}.Debug|Any CPU.Build.0 = Debug|Any CPU
		{3E4AF459-E28D-4E5F-AB72-31D079F87870}.Release|Any CPU.ActiveCfg = Release|Any CPU
		{3E4AF459-E28D-4E5F-AB72-31D079F87870}.Release|Any CPU.Build.0 = Release|Any CPU
		{411C87FB-ACB7-4030-9293-2940DBDAE9EF}.Debug|Any CPU.ActiveCfg = Debug|Any CPU
		{411C87FB-ACB7-4030-9293-2940DBDAE9EF}.Debug|Any CPU.Build.0 = Debug|Any CPU
		{411C87FB-ACB7-4030-9293-2940DBDAE9EF}.Release|Any CPU.ActiveCfg = Release|Any CPU
		{411C87FB-ACB7-4030-9293-2940DBDAE9EF}.Release|Any CPU.Build.0 = Release|Any CPU
		{451FB807-283C-414E-B107-E42121572EA8}.Debug|Any CPU.ActiveCfg = Debug|Any CPU
		{451FB807-283C-414E-B107-E42121572EA8}.Debug|Any CPU.Build.0 = Debug|Any CPU
		{451FB807-283C-414E-B107-E42121572EA8}.Release|Any CPU.ActiveCfg = Release|Any CPU
		{451FB807-283C-414E-B107-E42121572EA8}.Release|Any CPU.Build.0 = Release|Any CPU
		{511E2C70-2802-4813-874F-B67546003111}.Debug|Any CPU.ActiveCfg = Debug|Any CPU
		{511E2C70-2802-4813-874F-B67546003111}.Debug|Any CPU.Build.0 = Debug|Any CPU
		{511E2C70-2802-4813-874F-B67546003111}.Release|Any CPU.ActiveCfg = Release|Any CPU
		{511E2C70-2802-4813-874F-B67546003111}.Release|Any CPU.Build.0 = Release|Any CPU
		{D7E362C0-CE29-40FE-B42E-8E365418ADD1}.Debug|Any CPU.ActiveCfg = Debug|Any CPU
		{D7E362C0-CE29-40FE-B42E-8E365418ADD1}.Debug|Any CPU.Build.0 = Debug|Any CPU
		{D7E362C0-CE29-40FE-B42E-8E365418ADD1}.Release|Any CPU.ActiveCfg = Release|Any CPU
		{D7E362C0-CE29-40FE-B42E-8E365418ADD1}.Release|Any CPU.Build.0 = Release|Any CPU
		{3FBBE58D-E135-4C83-8E94-369FBD4C30C2}.Debug|Any CPU.ActiveCfg = Debug|Any CPU
		{3FBBE58D-E135-4C83-8E94-369FBD4C30C2}.Debug|Any CPU.Build.0 = Debug|Any CPU
		{3FBBE58D-E135-4C83-8E94-369FBD4C30C2}.Release|Any CPU.ActiveCfg = Release|Any CPU
		{3FBBE58D-E135-4C83-8E94-369FBD4C30C2}.Release|Any CPU.Build.0 = Release|Any CPU
		{1970BB11-D8A3-4B03-BFDC-D2F74C4F41B1}.Debug|Any CPU.ActiveCfg = Debug|Any CPU
		{1970BB11-D8A3-4B03-BFDC-D2F74C4F41B1}.Debug|Any CPU.Build.0 = Debug|Any CPU
		{1970BB11-D8A3-4B03-BFDC-D2F74C4F41B1}.Release|Any CPU.ActiveCfg = Release|Any CPU
		{1970BB11-D8A3-4B03-BFDC-D2F74C4F41B1}.Release|Any CPU.Build.0 = Release|Any CPU
		{A94DE47D-03C6-4910-889D-CD41E979B153}.Debug|Any CPU.ActiveCfg = Debug|Any CPU
		{A94DE47D-03C6-4910-889D-CD41E979B153}.Debug|Any CPU.Build.0 = Debug|Any CPU
		{A94DE47D-03C6-4910-889D-CD41E979B153}.Release|Any CPU.ActiveCfg = Release|Any CPU
		{A94DE47D-03C6-4910-889D-CD41E979B153}.Release|Any CPU.Build.0 = Release|Any CPU
		{69AD584F-A790-4011-9F89-E47843950D95}.Debug|Any CPU.ActiveCfg = Debug|Any CPU
		{69AD584F-A790-4011-9F89-E47843950D95}.Debug|Any CPU.Build.0 = Debug|Any CPU
		{69AD584F-A790-4011-9F89-E47843950D95}.Release|Any CPU.ActiveCfg = Release|Any CPU
		{69AD584F-A790-4011-9F89-E47843950D95}.Release|Any CPU.Build.0 = Release|Any CPU
		{BDD19E6B-1361-4DF2-88E9-98ECE0F6D31E}.Debug|Any CPU.ActiveCfg = Debug|Any CPU
		{BDD19E6B-1361-4DF2-88E9-98ECE0F6D31E}.Debug|Any CPU.Build.0 = Debug|Any CPU
		{BDD19E6B-1361-4DF2-88E9-98ECE0F6D31E}.Release|Any CPU.ActiveCfg = Release|Any CPU
		{BDD19E6B-1361-4DF2-88E9-98ECE0F6D31E}.Release|Any CPU.Build.0 = Release|Any CPU
		{DAD02907-0E32-41C8-A3DB-F2D05CCC0F24}.Debug|Any CPU.ActiveCfg = Debug|Any CPU
		{DAD02907-0E32-41C8-A3DB-F2D05CCC0F24}.Debug|Any CPU.Build.0 = Debug|Any CPU
		{DAD02907-0E32-41C8-A3DB-F2D05CCC0F24}.Release|Any CPU.ActiveCfg = Release|Any CPU
		{DAD02907-0E32-41C8-A3DB-F2D05CCC0F24}.Release|Any CPU.Build.0 = Release|Any CPU
		{2F0C425F-D114-49C2-B080-57510EC2AF59}.Debug|Any CPU.ActiveCfg = Debug|Any CPU
		{2F0C425F-D114-49C2-B080-57510EC2AF59}.Debug|Any CPU.Build.0 = Debug|Any CPU
		{2F0C425F-D114-49C2-B080-57510EC2AF59}.Release|Any CPU.ActiveCfg = Release|Any CPU
		{2F0C425F-D114-49C2-B080-57510EC2AF59}.Release|Any CPU.Build.0 = Release|Any CPU
		{49A6FE58-4A7D-4BD7-896C-621625C6819D}.Debug|Any CPU.ActiveCfg = Debug|Any CPU
		{49A6FE58-4A7D-4BD7-896C-621625C6819D}.Debug|Any CPU.Build.0 = Debug|Any CPU
		{49A6FE58-4A7D-4BD7-896C-621625C6819D}.Release|Any CPU.ActiveCfg = Release|Any CPU
		{49A6FE58-4A7D-4BD7-896C-621625C6819D}.Release|Any CPU.Build.0 = Release|Any CPU
		{A6A81DCC-21D8-4360-8B3B-FAA39ADC96F3}.Debug|Any CPU.ActiveCfg = Debug|Any CPU
		{A6A81DCC-21D8-4360-8B3B-FAA39ADC96F3}.Debug|Any CPU.Build.0 = Debug|Any CPU
		{A6A81DCC-21D8-4360-8B3B-FAA39ADC96F3}.Release|Any CPU.ActiveCfg = Release|Any CPU
		{A6A81DCC-21D8-4360-8B3B-FAA39ADC96F3}.Release|Any CPU.Build.0 = Release|Any CPU
		{A9CC3482-6C42-4C32-9D03-B9794D85570B}.Debug|Any CPU.ActiveCfg = Debug|Any CPU
		{A9CC3482-6C42-4C32-9D03-B9794D85570B}.Debug|Any CPU.Build.0 = Debug|Any CPU
		{A9CC3482-6C42-4C32-9D03-B9794D85570B}.Release|Any CPU.ActiveCfg = Release|Any CPU
		{A9CC3482-6C42-4C32-9D03-B9794D85570B}.Release|Any CPU.Build.0 = Release|Any CPU
		{E6F57A73-4AA4-4A7B-BE23-2314D888AA3A}.Debug|Any CPU.ActiveCfg = Debug|Any CPU
		{E6F57A73-4AA4-4A7B-BE23-2314D888AA3A}.Debug|Any CPU.Build.0 = Debug|Any CPU
		{E6F57A73-4AA4-4A7B-BE23-2314D888AA3A}.Release|Any CPU.ActiveCfg = Release|Any CPU
		{E6F57A73-4AA4-4A7B-BE23-2314D888AA3A}.Release|Any CPU.Build.0 = Release|Any CPU
		{078B3353-683B-495D-AC2B-EDF3B8754B10}.Debug|Any CPU.ActiveCfg = Debug|Any CPU
		{078B3353-683B-495D-AC2B-EDF3B8754B10}.Debug|Any CPU.Build.0 = Debug|Any CPU
		{078B3353-683B-495D-AC2B-EDF3B8754B10}.Release|Any CPU.ActiveCfg = Release|Any CPU
		{078B3353-683B-495D-AC2B-EDF3B8754B10}.Release|Any CPU.Build.0 = Release|Any CPU
		{1D62DDDF-C3EE-4109-A55C-B35F286F2C86}.Debug|Any CPU.ActiveCfg = Debug|Any CPU
		{1D62DDDF-C3EE-4109-A55C-B35F286F2C86}.Debug|Any CPU.Build.0 = Debug|Any CPU
		{1D62DDDF-C3EE-4109-A55C-B35F286F2C86}.Release|Any CPU.ActiveCfg = Release|Any CPU
		{1D62DDDF-C3EE-4109-A55C-B35F286F2C86}.Release|Any CPU.Build.0 = Release|Any CPU
		{681ED594-CA76-4FAA-9BC6-2F0BE459468F}.Debug|Any CPU.ActiveCfg = Debug|Any CPU
		{681ED594-CA76-4FAA-9BC6-2F0BE459468F}.Debug|Any CPU.Build.0 = Debug|Any CPU
		{681ED594-CA76-4FAA-9BC6-2F0BE459468F}.Release|Any CPU.ActiveCfg = Release|Any CPU
		{681ED594-CA76-4FAA-9BC6-2F0BE459468F}.Release|Any CPU.Build.0 = Release|Any CPU
		{12CEB64B-C3F6-47FE-9BC9-9D9DC0784495}.Debug|Any CPU.ActiveCfg = Debug|Any CPU
		{12CEB64B-C3F6-47FE-9BC9-9D9DC0784495}.Debug|Any CPU.Build.0 = Debug|Any CPU
		{12CEB64B-C3F6-47FE-9BC9-9D9DC0784495}.Release|Any CPU.ActiveCfg = Release|Any CPU
		{12CEB64B-C3F6-47FE-9BC9-9D9DC0784495}.Release|Any CPU.Build.0 = Release|Any CPU
		{8F8AFA9F-64ED-47EB-839E-27EF0AF82E12}.Debug|Any CPU.ActiveCfg = Debug|Any CPU
		{8F8AFA9F-64ED-47EB-839E-27EF0AF82E12}.Debug|Any CPU.Build.0 = Debug|Any CPU
		{8F8AFA9F-64ED-47EB-839E-27EF0AF82E12}.Release|Any CPU.ActiveCfg = Release|Any CPU
		{8F8AFA9F-64ED-47EB-839E-27EF0AF82E12}.Release|Any CPU.Build.0 = Release|Any CPU
	EndGlobalSection
	GlobalSection(SolutionProperties) = preSolution
		HideSolutionNode = FALSE
	EndGlobalSection
	GlobalSection(NestedProjects) = preSolution
		{3E4AF459-E28D-4E5F-AB72-31D079F87870} = {36043474-82CE-4ECA-B8AD-E9BA45E8F14A}
		{411C87FB-ACB7-4030-9293-2940DBDAE9EF} = {36043474-82CE-4ECA-B8AD-E9BA45E8F14A}
		{451FB807-283C-414E-B107-E42121572EA8} = {36043474-82CE-4ECA-B8AD-E9BA45E8F14A}
		{511E2C70-2802-4813-874F-B67546003111} = {3AE12F11-C8CC-45A4-A6E4-AE4CDF6730D9}
		{D7E362C0-CE29-40FE-B42E-8E365418ADD1} = {3AE12F11-C8CC-45A4-A6E4-AE4CDF6730D9}
		{3FBBE58D-E135-4C83-8E94-369FBD4C30C2} = {3AE12F11-C8CC-45A4-A6E4-AE4CDF6730D9}
		{1970BB11-D8A3-4B03-BFDC-D2F74C4F41B1} = {9C10870A-7627-4F67-A105-27B17631ADE1}
		{A94DE47D-03C6-4910-889D-CD41E979B153} = {9C10870A-7627-4F67-A105-27B17631ADE1}
		{69AD584F-A790-4011-9F89-E47843950D95} = {9C10870A-7627-4F67-A105-27B17631ADE1}
		{BDD19E6B-1361-4DF2-88E9-98ECE0F6D31E} = {C0559280-67E8-4E50-AD01-9CF3C50FCE22}
		{DAD02907-0E32-41C8-A3DB-F2D05CCC0F24} = {C0559280-67E8-4E50-AD01-9CF3C50FCE22}
		{2F0C425F-D114-49C2-B080-57510EC2AF59} = {C0559280-67E8-4E50-AD01-9CF3C50FCE22}
		{49A6FE58-4A7D-4BD7-896C-621625C6819D} = {EF71CC4A-38C3-4AEC-A225-1EF62B7671F5}
		{A6A81DCC-21D8-4360-8B3B-FAA39ADC96F3} = {EF71CC4A-38C3-4AEC-A225-1EF62B7671F5}
		{A9CC3482-6C42-4C32-9D03-B9794D85570B} = {EF71CC4A-38C3-4AEC-A225-1EF62B7671F5}
		{E6F57A73-4AA4-4A7B-BE23-2314D888AA3A} = {32D0C089-1825-4196-A758-6C11E2FE3040}
		{078B3353-683B-495D-AC2B-EDF3B8754B10} = {32D0C089-1825-4196-A758-6C11E2FE3040}
		{1D62DDDF-C3EE-4109-A55C-B35F286F2C86} = {32D0C089-1825-4196-A758-6C11E2FE3040}
		{681ED594-CA76-4FAA-9BC6-2F0BE459468F} = {8FFE9F01-C038-4B83-9F4B-0BAA82E6EDAF}
		{12CEB64B-C3F6-47FE-9BC9-9D9DC0784495} = {8FFE9F01-C038-4B83-9F4B-0BAA82E6EDAF}
		{8F8AFA9F-64ED-47EB-839E-27EF0AF82E12} = {8FFE9F01-C038-4B83-9F4B-0BAA82E6EDAF}
	EndGlobalSection
	GlobalSection(ExtensibilityGlobals) = postSolution
		SolutionGuid = {7E8A60B6-0A05-40DB-9DD3-1E23A9E917FA}
	EndGlobalSection
EndGlobal
